// !$*UTF8*$!
{
	archiveVersion = 1;
	classes = {
	};
	objectVersion = 56;
	objects = {

/* Begin PBXBuildFile section */
		A100000001 /* CrescendAIApp.swift in Sources */ = {isa = PBXBuildFile; fileRef = B100000001; };
		A100000002 /* ContentView.swift in Sources */ = {isa = PBXBuildFile; fileRef = B100000002; };
		A100000003 /* Colors.swift in Sources */ = {isa = PBXBuildFile; fileRef = B100000003; };
		A100000004 /* Typography.swift in Sources */ = {isa = PBXBuildFile; fileRef = B100000004; };
		A100000005 /* Spacing.swift in Sources */ = {isa = PBXBuildFile; fileRef = B100000005; };
		A100000006 /* CrescendButton.swift in Sources */ = {isa = PBXBuildFile; fileRef = B100000006; };
		A100000007 /* CrescendCard.swift in Sources */ = {isa = PBXBuildFile; fileRef = B100000007; };
		A100000008 /* Theme.swift in Sources */ = {isa = PBXBuildFile; fileRef = B100000008; };
		A100000009 /* HomeView.swift in Sources */ = {isa = PBXBuildFile; fileRef = B100000009; };
		A100000010 /* RecordingView.swift in Sources */ = {isa = PBXBuildFile; fileRef = B100000010; };
		A100000011 /* RecordingViewModel.swift in Sources */ = {isa = PBXBuildFile; fileRef = B100000011; };
		A100000012 /* AudioRecorder.swift in Sources */ = {isa = PBXBuildFile; fileRef = B100000012; };
		A100000013 /* AudioPlayer.swift in Sources */ = {isa = PBXBuildFile; fileRef = B100000013; };
		A100000014 /* AnalysisView.swift in Sources */ = {isa = PBXBuildFile; fileRef = B100000014; };
		A100000015 /* AnalysisViewModel.swift in Sources */ = {isa = PBXBuildFile; fileRef = B100000015; };
		A100000016 /* MIDIPlayerView.swift in Sources */ = {isa = PBXBuildFile; fileRef = B100000016; };
		A100000017 /* MIDIPlayerViewModel.swift in Sources */ = {isa = PBXBuildFile; fileRef = B100000017; };
		A100000018 /* MIDIEngine.swift in Sources */ = {isa = PBXBuildFile; fileRef = B100000018; };
		A100000019 /* APIClient.swift in Sources */ = {isa = PBXBuildFile; fileRef = B100000019; };
		A100000020 /* APIEndpoints.swift in Sources */ = {isa = PBXBuildFile; fileRef = B100000020; };
		A100000021 /* APIModels.swift in Sources */ = {isa = PBXBuildFile; fileRef = B100000021; };
		A100000022 /* AudioMonitor.swift in Sources */ = {isa = PBXBuildFile; fileRef = B100000023; };
		A100000023 /* PulseView.swift in Sources */ = {isa = PBXBuildFile; fileRef = B100000024; };
		A100000024 /* ChatModels.swift in Sources */ = {isa = PBXBuildFile; fileRef = B100000025; };
		A100000025 /* DemoScenarios.swift in Sources */ = {isa = PBXBuildFile; fileRef = B100000026; };
		A100000026 /* ChatBlockViews.swift in Sources */ = {isa = PBXBuildFile; fileRef = B100000027; };
		A100000027 /* ChatMessageView.swift in Sources */ = {isa = PBXBuildFile; fileRef = B100000028; };
/* End PBXBuildFile section */

/* Begin PBXFileReference section */
		C100000001 /* CrescendAI.app */ = {isa = PBXFileReference; explicitFileType = wrapper.application; includeInIndex = 0; path = CrescendAI.app; sourceTree = BUILT_PRODUCTS_DIR; };
		B100000001 /* CrescendAIApp.swift */ = {isa = PBXFileReference; lastKnownFileType = sourcecode.swift; path = CrescendAIApp.swift; sourceTree = "<group>"; };
		B100000002 /* ContentView.swift */ = {isa = PBXFileReference; lastKnownFileType = sourcecode.swift; path = ContentView.swift; sourceTree = "<group>"; };
		B100000003 /* Colors.swift */ = {isa = PBXFileReference; lastKnownFileType = sourcecode.swift; path = Colors.swift; sourceTree = "<group>"; };
		B100000004 /* Typography.swift */ = {isa = PBXFileReference; lastKnownFileType = sourcecode.swift; path = Typography.swift; sourceTree = "<group>"; };
		B100000005 /* Spacing.swift */ = {isa = PBXFileReference; lastKnownFileType = sourcecode.swift; path = Spacing.swift; sourceTree = "<group>"; };
		B100000006 /* CrescendButton.swift */ = {isa = PBXFileReference; lastKnownFileType = sourcecode.swift; path = CrescendButton.swift; sourceTree = "<group>"; };
		B100000007 /* CrescendCard.swift */ = {isa = PBXFileReference; lastKnownFileType = sourcecode.swift; path = CrescendCard.swift; sourceTree = "<group>"; };
		B100000008 /* Theme.swift */ = {isa = PBXFileReference; lastKnownFileType = sourcecode.swift; path = Theme.swift; sourceTree = "<group>"; };
		B100000009 /* HomeView.swift */ = {isa = PBXFileReference; lastKnownFileType = sourcecode.swift; path = HomeView.swift; sourceTree = "<group>"; };
		B100000010 /* RecordingView.swift */ = {isa = PBXFileReference; lastKnownFileType = sourcecode.swift; path = RecordingView.swift; sourceTree = "<group>"; };
		B100000011 /* RecordingViewModel.swift */ = {isa = PBXFileReference; lastKnownFileType = sourcecode.swift; path = RecordingViewModel.swift; sourceTree = "<group>"; };
		B100000012 /* AudioRecorder.swift */ = {isa = PBXFileReference; lastKnownFileType = sourcecode.swift; path = AudioRecorder.swift; sourceTree = "<group>"; };
		B100000013 /* AudioPlayer.swift */ = {isa = PBXFileReference; lastKnownFileType = sourcecode.swift; path = AudioPlayer.swift; sourceTree = "<group>"; };
		B100000014 /* AnalysisView.swift */ = {isa = PBXFileReference; lastKnownFileType = sourcecode.swift; path = AnalysisView.swift; sourceTree = "<group>"; };
		B100000015 /* AnalysisViewModel.swift */ = {isa = PBXFileReference; lastKnownFileType = sourcecode.swift; path = AnalysisViewModel.swift; sourceTree = "<group>"; };
		B100000016 /* MIDIPlayerView.swift */ = {isa = PBXFileReference; lastKnownFileType = sourcecode.swift; path = MIDIPlayerView.swift; sourceTree = "<group>"; };
		B100000017 /* MIDIPlayerViewModel.swift */ = {isa = PBXFileReference; lastKnownFileType = sourcecode.swift; path = MIDIPlayerViewModel.swift; sourceTree = "<group>"; };
		B100000018 /* MIDIEngine.swift */ = {isa = PBXFileReference; lastKnownFileType = sourcecode.swift; path = MIDIEngine.swift; sourceTree = "<group>"; };
		B100000019 /* APIClient.swift */ = {isa = PBXFileReference; lastKnownFileType = sourcecode.swift; path = APIClient.swift; sourceTree = "<group>"; };
		B100000020 /* APIEndpoints.swift */ = {isa = PBXFileReference; lastKnownFileType = sourcecode.swift; path = APIEndpoints.swift; sourceTree = "<group>"; };
		B100000021 /* APIModels.swift */ = {isa = PBXFileReference; lastKnownFileType = sourcecode.swift; path = APIModels.swift; sourceTree = "<group>"; };
		B100000022 /* Info.plist */ = {isa = PBXFileReference; lastKnownFileType = text.plist.xml; path = Info.plist; sourceTree = "<group>"; };
		B100000023 /* AudioMonitor.swift */ = {isa = PBXFileReference; lastKnownFileType = sourcecode.swift; path = AudioMonitor.swift; sourceTree = "<group>"; };
		B100000024 /* PulseView.swift */ = {isa = PBXFileReference; lastKnownFileType = sourcecode.swift; path = PulseView.swift; sourceTree = "<group>"; };
		B100000025 /* ChatModels.swift */ = {isa = PBXFileReference; lastKnownFileType = sourcecode.swift; path = ChatModels.swift; sourceTree = "<group>"; };
		B100000026 /* DemoScenarios.swift */ = {isa = PBXFileReference; lastKnownFileType = sourcecode.swift; path = DemoScenarios.swift; sourceTree = "<group>"; };
		B100000027 /* ChatBlockViews.swift */ = {isa = PBXFileReference; lastKnownFileType = sourcecode.swift; path = ChatBlockViews.swift; sourceTree = "<group>"; };
		B100000028 /* ChatMessageView.swift */ = {isa = PBXFileReference; lastKnownFileType = sourcecode.swift; path = ChatMessageView.swift; sourceTree = "<group>"; };
/* End PBXFileReference section */

/* Begin PBXFrameworksBuildPhase section */
		D100000001 /* Frameworks */ = {
			isa = PBXFrameworksBuildPhase;
			buildActionMask = 2147483647;
			files = (
			);
			runOnlyForDeploymentPostprocessing = 0;
		};
/* End PBXFrameworksBuildPhase section */

/* Begin PBXGroup section */
		E100000001 = {
			isa = PBXGroup;
			children = (
				E100000002 /* CrescendAI */,
				E100000020 /* Products */,
			);
			sourceTree = "<group>";
		};
		E100000002 /* CrescendAI */ = {
			isa = PBXGroup;
			children = (
				E100000003 /* App */,
				E100000004 /* DesignSystem */,
				E100000008 /* Features */,
				E100000013 /* Networking */,
				E100000014 /* Resources */,
				B100000022 /* Info.plist */,
			);
			path = CrescendAI;
			sourceTree = "<group>";
		};
		E100000003 /* App */ = {
			isa = PBXGroup;
			children = (
				B100000001 /* CrescendAIApp.swift */,
				B100000002 /* ContentView.swift */,
			);
			path = App;
			sourceTree = "<group>";
		};
		E100000004 /* DesignSystem */ = {
			isa = PBXGroup;
			children = (
				E100000005 /* Tokens */,
				E100000006 /* Components */,
				B100000008 /* Theme.swift */,
			);
			path = DesignSystem;
			sourceTree = "<group>";
		};
		E100000005 /* Tokens */ = {
			isa = PBXGroup;
			children = (
				B100000003 /* Colors.swift */,
				B100000004 /* Typography.swift */,
				B100000005 /* Spacing.swift */,
			);
			path = Tokens;
			sourceTree = "<group>";
		};
		E100000006 /* Components */ = {
			isa = PBXGroup;
			children = (
				B100000006 /* CrescendButton.swift */,
				B100000007 /* CrescendCard.swift */,
			);
			path = Components;
			sourceTree = "<group>";
		};
		E100000008 /* Features */ = {
			isa = PBXGroup;
			children = (
				E100000009 /* Home */,
				E100000021 /* Listening */,
				E100000022 /* Chat */,
				E100000010 /* Recording */,
				E100000011 /* Analysis */,
				E100000012 /* MIDI */,
			);
			path = Features;
			sourceTree = "<group>";
		};
		E100000022 /* Chat */ = {
			isa = PBXGroup;
			children = (
				B100000025 /* ChatModels.swift */,
				B100000026 /* DemoScenarios.swift */,
				B100000027 /* ChatBlockViews.swift */,
				B100000028 /* ChatMessageView.swift */,
			);
			path = Chat;
			sourceTree = "<group>";
		};
		E100000021 /* Listening */ = {
			isa = PBXGroup;
			children = (
				B100000023 /* AudioMonitor.swift */,
				B100000024 /* PulseView.swift */,
			);
			path = Listening;
			sourceTree = "<group>";
		};
		E100000009 /* Home */ = {
			isa = PBXGroup;
			children = (
				B100000009 /* HomeView.swift */,
			);
			path = Home;
			sourceTree = "<group>";
		};
		E100000010 /* Recording */ = {
			isa = PBXGroup;
			children = (
				B100000010 /* RecordingView.swift */,
				B100000011 /* RecordingViewModel.swift */,
				B100000012 /* AudioRecorder.swift */,
				B100000013 /* AudioPlayer.swift */,
			);
			path = Recording;
			sourceTree = "<group>";
		};
		E100000011 /* Analysis */ = {
			isa = PBXGroup;
			children = (
				B100000014 /* AnalysisView.swift */,
				B100000015 /* AnalysisViewModel.swift */,
			);
			path = Analysis;
			sourceTree = "<group>";
		};
		E100000012 /* MIDI */ = {
			isa = PBXGroup;
			children = (
				B100000016 /* MIDIPlayerView.swift */,
				B100000017 /* MIDIPlayerViewModel.swift */,
				B100000018 /* MIDIEngine.swift */,
			);
			path = MIDI;
			sourceTree = "<group>";
		};
		E100000013 /* Networking */ = {
			isa = PBXGroup;
			children = (
				B100000019 /* APIClient.swift */,
				B100000020 /* APIEndpoints.swift */,
				B100000021 /* APIModels.swift */,
			);
			path = Networking;
			sourceTree = "<group>";
		};
		E100000014 /* Resources */ = {
			isa = PBXGroup;
			children = (
				E100000015 /* Fonts */,
				E100000016 /* SoundFonts */,
			);
			path = Resources;
			sourceTree = "<group>";
		};
		E100000015 /* Fonts */ = {
			isa = PBXGroup;
			children = (
			);
			path = Fonts;
			sourceTree = "<group>";
		};
		E100000016 /* SoundFonts */ = {
			isa = PBXGroup;
			children = (
			);
			path = SoundFonts;
			sourceTree = "<group>";
		};
		E100000020 /* Products */ = {
			isa = PBXGroup;
			children = (
				C100000001 /* CrescendAI.app */,
			);
			name = Products;
			sourceTree = "<group>";
		};
/* End PBXGroup section */

/* Begin PBXNativeTarget section */
		F100000001 /* CrescendAI */ = {
			isa = PBXNativeTarget;
			buildConfigurationList = F200000003 /* Build configuration list for PBXNativeTarget "CrescendAI" */;
			buildPhases = (
				F100000002 /* Sources */,
				D100000001 /* Frameworks */,
				F100000003 /* Resources */,
			);
			buildRules = (
			);
			dependencies = (
			);
			name = CrescendAI;
			productName = CrescendAI;
			productReference = C100000001 /* CrescendAI.app */;
			productType = "com.apple.product-type.application";
		};
/* End PBXNativeTarget section */

/* Begin PBXProject section */
		F100000010 /* Project object */ = {
			isa = PBXProject;
			attributes = {
				BuildIndependentTargetsInParallel = 1;
				LastSwiftUpdateCheck = 1600;
				LastUpgradeCheck = 1600;
				TargetAttributes = {
					F100000001 = {
						CreatedOnToolsVersion = 16.0;
					};
				};
			};
			buildConfigurationList = F200000001 /* Build configuration list for PBXProject "CrescendAI" */;
			compatibilityVersion = "Xcode 14.0";
			developmentRegion = en;
			hasScannedForEncodings = 0;
			knownRegions = (
				en,
				Base,
			);
			mainGroup = E100000001;
			productRefGroup = E100000020 /* Products */;
			projectDirPath = "";
			projectRoot = "";
			targets = (
				F100000001 /* CrescendAI */,
			);
		};
/* End PBXProject section */

/* Begin PBXResourcesBuildPhase section */
		F100000003 /* Resources */ = {
			isa = PBXResourcesBuildPhase;
			buildActionMask = 2147483647;
			files = (
			);
			runOnlyForDeploymentPostprocessing = 0;
		};
/* End PBXResourcesBuildPhase section */

/* Begin PBXSourcesBuildPhase section */
		F100000002 /* Sources */ = {
			isa = PBXSourcesBuildPhase;
			buildActionMask = 2147483647;
			files = (
				A100000001 /* CrescendAIApp.swift in Sources */,
				A100000002 /* ContentView.swift in Sources */,
				A100000003 /* Colors.swift in Sources */,
				A100000004 /* Typography.swift in Sources */,
				A100000005 /* Spacing.swift in Sources */,
				A100000006 /* CrescendButton.swift in Sources */,
				A100000007 /* CrescendCard.swift in Sources */,
				A100000008 /* Theme.swift in Sources */,
				A100000009 /* HomeView.swift in Sources */,
				A100000010 /* RecordingView.swift in Sources */,
				A100000011 /* RecordingViewModel.swift in Sources */,
				A100000012 /* AudioRecorder.swift in Sources */,
				A100000013 /* AudioPlayer.swift in Sources */,
				A100000014 /* AnalysisView.swift in Sources */,
				A100000015 /* AnalysisViewModel.swift in Sources */,
				A100000016 /* MIDIPlayerView.swift in Sources */,
				A100000017 /* MIDIPlayerViewModel.swift in Sources */,
				A100000018 /* MIDIEngine.swift in Sources */,
				A100000019 /* APIClient.swift in Sources */,
				A100000020 /* APIEndpoints.swift in Sources */,
				A100000021 /* APIModels.swift in Sources */,
				A100000022 /* AudioMonitor.swift in Sources */,
				A100000023 /* PulseView.swift in Sources */,
				A100000024 /* ChatModels.swift in Sources */,
				A100000025 /* DemoScenarios.swift in Sources */,
				A100000026 /* ChatBlockViews.swift in Sources */,
				A100000027 /* ChatMessageView.swift in Sources */,
			);
			runOnlyForDeploymentPostprocessing = 0;
		};
/* End PBXSourcesBuildPhase section */

/* Begin XCBuildConfiguration section */
		F200000010 /* Debug */ = {
			isa = XCBuildConfiguration;
			buildSettings = {
				ALWAYS_SEARCH_USER_PATHS = NO;
				ASSETCATALOG_COMPILER_GENERATE_SWIFT_ASSET_SYMBOL_EXTENSIONS = YES;
				CLANG_ANALYZER_NONNULL = YES;
				CLANG_ANALYZER_NUMBER_OBJECT_CONVERSION = YES_AGGRESSIVE;
				CLANG_CXX_LANGUAGE_STANDARD = "gnu++20";
				CLANG_ENABLE_MODULES = YES;
				CLANG_ENABLE_OBJC_ARC = YES;
				CLANG_ENABLE_OBJC_WEAK = YES;
				CLANG_WARN_BLOCK_CAPTURE_AUTORELEASING = YES;
				CLANG_WARN_BOOL_CONVERSION = YES;
				CLANG_WARN_COMMA = YES;
				CLANG_WARN_CONSTANT_CONVERSION = YES;
				CLANG_WARN_DEPRECATED_OBJC_IMPLEMENTATIONS = YES;
				CLANG_WARN_DIRECT_OBJC_ISA_USAGE = YES_ERROR;
				CLANG_WARN_DOCUMENTATION_COMMENTS = YES;
				CLANG_WARN_EMPTY_BODY = YES;
				CLANG_WARN_ENUM_CONVERSION = YES;
				CLANG_WARN_INFINITE_RECURSION = YES;
				CLANG_WARN_INT_CONVERSION = YES;
				CLANG_WARN_NON_LITERAL_NULL_CONVERSION = YES;
				CLANG_WARN_OBJC_IMPLICIT_RETAIN_SELF = YES;
				CLANG_WARN_OBJC_LITERAL_CONVERSION = YES;
				CLANG_WARN_OBJC_ROOT_CLASS = YES_ERROR;
				CLANG_WARN_QUOTED_INCLUDE_IN_FRAMEWORK_HEADER = YES;
				CLANG_WARN_RANGE_LOOP_ANALYSIS = YES;
				CLANG_WARN_STRICT_PROTOTYPES = YES;
				CLANG_WARN_SUSPICIOUS_MOVE = YES;
				CLANG_WARN_UNGUARDED_AVAILABILITY = YES_AGGRESSIVE;
				CLANG_WARN_UNREACHABLE_CODE = YES;
				CLANG_WARN__DUPLICATE_METHOD_MATCH = YES;
				COPY_PHASE_STRIP = NO;
				DEBUG_INFORMATION_FORMAT = dwarf;
				ENABLE_STRICT_OBJC_MSGSEND = YES;
				ENABLE_TESTABILITY = YES;
				ENABLE_USER_SCRIPT_SANDBOXING = YES;
				GCC_C_LANGUAGE_STANDARD = gnu17;
				GCC_DYNAMIC_NO_PIC = NO;
				GCC_NO_COMMON_BLOCKS = YES;
				GCC_OPTIMIZATION_LEVEL = 0;
				GCC_PREPROCESSOR_DEFINITIONS = (
					"DEBUG=1",
					"$(inherited)",
				);
				GCC_WARN_64_TO_32_BIT_CONVERSION = YES;
				GCC_WARN_ABOUT_RETURN_TYPE = YES_ERROR;
				GCC_WARN_UNDECLARED_SELECTOR = YES;
				GCC_WARN_UNINITIALIZED_AUTOS = YES_AGGRESSIVE;
				GCC_WARN_UNUSED_FUNCTION = YES;
				GCC_WARN_UNUSED_VARIABLE = YES;
				IPHONEOS_DEPLOYMENT_TARGET = 17.0;
				MTL_ENABLE_DEBUG_INFO = INCLUDE_SOURCE;
				MTL_FAST_MATH = YES;
				ONLY_ACTIVE_ARCH = YES;
				SDKROOT = iphoneos;
				SWIFT_ACTIVE_COMPILATION_CONDITIONS = "DEBUG $(inherited)";
				SWIFT_OPTIMIZATION_LEVEL = "-Onone";
			};
			name = Debug;
		};
		F200000011 /* Release */ = {
			isa = XCBuildConfiguration;
			buildSettings = {
				ALWAYS_SEARCH_USER_PATHS = NO;
				ASSETCATALOG_COMPILER_GENERATE_SWIFT_ASSET_SYMBOL_EXTENSIONS = YES;
				CLANG_ANALYZER_NONNULL = YES;
				CLANG_ANALYZER_NUMBER_OBJECT_CONVERSION = YES_AGGRESSIVE;
				CLANG_CXX_LANGUAGE_STANDARD = "gnu++20";
				CLANG_ENABLE_MODULES = YES;
				CLANG_ENABLE_OBJC_ARC = YES;
				CLANG_ENABLE_OBJC_WEAK = YES;
				CLANG_WARN_BLOCK_CAPTURE_AUTORELEASING = YES;
				CLANG_WARN_BOOL_CONVERSION = YES;
				CLANG_WARN_COMMA = YES;
				CLANG_WARN_CONSTANT_CONVERSION = YES;
				CLANG_WARN_DEPRECATED_OBJC_IMPLEMENTATIONS = YES;
				CLANG_WARN_DIRECT_OBJC_ISA_USAGE = YES_ERROR;
				CLANG_WARN_DOCUMENTATION_COMMENTS = YES;
				CLANG_WARN_EMPTY_BODY = YES;
				CLANG_WARN_ENUM_CONVERSION = YES;
				CLANG_WARN_INFINITE_RECURSION = YES;
				CLANG_WARN_INT_CONVERSION = YES;
				CLANG_WARN_NON_LITERAL_NULL_CONVERSION = YES;
				CLANG_WARN_OBJC_IMPLICIT_RETAIN_SELF = YES;
				CLANG_WARN_OBJC_LITERAL_CONVERSION = YES;
				CLANG_WARN_OBJC_ROOT_CLASS = YES_ERROR;
				CLANG_WARN_QUOTED_INCLUDE_IN_FRAMEWORK_HEADER = YES;
				CLANG_WARN_RANGE_LOOP_ANALYSIS = YES;
				CLANG_WARN_STRICT_PROTOTYPES = YES;
				CLANG_WARN_SUSPICIOUS_MOVE = YES;
				CLANG_WARN_UNGUARDED_AVAILABILITY = YES_AGGRESSIVE;
				CLANG_WARN_UNREACHABLE_CODE = YES;
				CLANG_WARN__DUPLICATE_METHOD_MATCH = YES;
				COPY_PHASE_STRIP = NO;
				DEBUG_INFORMATION_FORMAT = "dwarf-with-dsym";
				ENABLE_NS_ASSERTIONS = NO;
				ENABLE_STRICT_OBJC_MSGSEND = YES;
				ENABLE_USER_SCRIPT_SANDBOXING = YES;
				GCC_C_LANGUAGE_STANDARD = gnu17;
				GCC_NO_COMMON_BLOCKS = YES;
				GCC_WARN_64_TO_32_BIT_CONVERSION = YES;
				GCC_WARN_ABOUT_RETURN_TYPE = YES_ERROR;
				GCC_WARN_UNDECLARED_SELECTOR = YES;
				GCC_WARN_UNINITIALIZED_AUTOS = YES_AGGRESSIVE;
				GCC_WARN_UNUSED_FUNCTION = YES;
				GCC_WARN_UNUSED_VARIABLE = YES;
				IPHONEOS_DEPLOYMENT_TARGET = 17.0;
				MTL_ENABLE_DEBUG_INFO = NO;
				MTL_FAST_MATH = YES;
				SDKROOT = iphoneos;
				SWIFT_COMPILATION_MODE = wholemodule;
				VALIDATE_PRODUCT = YES;
			};
			name = Release;
		};
		F200000012 /* Debug */ = {
			isa = XCBuildConfiguration;
			buildSettings = {
				ASSETCATALOG_COMPILER_APPICON_NAME = AppIcon;
				ASSETCATALOG_COMPILER_GLOBAL_ACCENT_COLOR_NAME = AccentColor;
				CODE_SIGN_STYLE = Automatic;
				CURRENT_PROJECT_VERSION = 1;
				DEVELOPMENT_TEAM = "";
				GENERATE_INFOPLIST_FILE = YES;
				INFOPLIST_FILE = CrescendAI/Info.plist;
				INFOPLIST_KEY_CFBundleDisplayName = CrescendAI;
				INFOPLIST_KEY_UIApplicationSceneManifest_Generation = YES;
				INFOPLIST_KEY_UIApplicationSupportsIndirectInputEvents = YES;
				INFOPLIST_KEY_UILaunchScreen_Generation = YES;
				INFOPLIST_KEY_UISupportedInterfaceOrientations = UIInterfaceOrientationPortrait;
				INFOPLIST_KEY_UISupportedInterfaceOrientations_iPad = "UIInterfaceOrientationLandscapeLeft UIInterfaceOrientationLandscapeRight UIInterfaceOrientationPortrait UIInterfaceOrientationPortraitUpsideDown";
				LD_RUNPATH_SEARCH_PATHS = (
					"$(inherited)",
					"@executable_path/Frameworks",
				);
				MARKETING_VERSION = 0.1.0;
				PRODUCT_BUNDLE_IDENTIFIER = ai.crescend.CrescendAI;
				PRODUCT_NAME = "$(TARGET_NAME)";
				SUPPORTED_PLATFORMS = "iphoneos iphonesimulator";
				SUPPORTS_MACCATALYST = NO;
				SWIFT_EMIT_LOC_STRINGS = YES;
				SWIFT_STRICT_CONCURRENCY = complete;
				SWIFT_VERSION = 6.0;
				TARGETED_DEVICE_FAMILY = "1,2";
			};
			name = Debug;
		};
		F200000013 /* Release */ = {
			isa = XCBuildConfiguration;
			buildSettings = {
				ASSETCATALOG_COMPILER_APPICON_NAME = AppIcon;
				ASSETCATALOG_COMPILER_GLOBAL_ACCENT_COLOR_NAME = AccentColor;
				CODE_SIGN_STYLE = Automatic;
				CURRENT_PROJECT_VERSION = 1;
				DEVELOPMENT_TEAM = "";
				GENERATE_INFOPLIST_FILE = YES;
				INFOPLIST_FILE = CrescendAI/Info.plist;
				INFOPLIST_KEY_CFBundleDisplayName = CrescendAI;
				INFOPLIST_KEY_UIApplicationSceneManifest_Generation = YES;
				INFOPLIST_KEY_UIApplicationSupportsIndirectInputEvents = YES;
				INFOPLIST_KEY_UILaunchScreen_Generation = YES;
				INFOPLIST_KEY_UISupportedInterfaceOrientations = UIInterfaceOrientationPortrait;
				INFOPLIST_KEY_UISupportedInterfaceOrientations_iPad = "UIInterfaceOrientationLandscapeLeft UIInterfaceOrientationLandscapeRight UIInterfaceOrientationPortrait UIInterfaceOrientationPortraitUpsideDown";
				LD_RUNPATH_SEARCH_PATHS = (
					"$(inherited)",
					"@executable_path/Frameworks",
				);
				MARKETING_VERSION = 0.1.0;
				PRODUCT_BUNDLE_IDENTIFIER = ai.crescend.CrescendAI;
				PRODUCT_NAME = "$(TARGET_NAME)";
				SUPPORTED_PLATFORMS = "iphoneos iphonesimulator";
				SUPPORTS_MACCATALYST = NO;
				SWIFT_EMIT_LOC_STRINGS = YES;
				SWIFT_STRICT_CONCURRENCY = complete;
				SWIFT_VERSION = 6.0;
				TARGETED_DEVICE_FAMILY = "1,2";
			};
			name = Release;
		};
/* End XCBuildConfiguration section */

/* Begin XCConfigurationList section */
		F200000001 /* Build configuration list for PBXProject "CrescendAI" */ = {
			isa = XCConfigurationList;
			buildConfigurations = (
				F200000010 /* Debug */,
				F200000011 /* Release */,
			);
			defaultConfigurationIsVisible = 0;
			defaultConfigurationName = Release;
		};
		F200000003 /* Build configuration list for PBXNativeTarget "CrescendAI" */ = {
			isa = XCConfigurationList;
			buildConfigurations = (
				F200000012 /* Debug */,
				F200000013 /* Release */,
			);
			defaultConfigurationIsVisible = 0;
			defaultConfigurationName = Release;
		};
/* End XCConfigurationList section */

	};
	rootObject = F100000010 /* Project object */;
}
