// !$*UTF8*$!
{
	archiveVersion = 1;
	classes = {
	};
	objectVersion = 56;
	objects = {

/* Begin PBXBuildFile section */
		A100000001 /* CrescendAIApp.swift in Sources */ = {isa = PBXBuildFile; fileRef = B100000001 /* CrescendAIApp.swift */; };
		A100000002 /* ContentView.swift in Sources */ = {isa = PBXBuildFile; fileRef = B100000002 /* ContentView.swift */; };
		A100000003 /* Colors.swift in Sources */ = {isa = PBXBuildFile; fileRef = B100000003 /* Colors.swift */; };
		A100000004 /* Typography.swift in Sources */ = {isa = PBXBuildFile; fileRef = B100000004 /* Typography.swift */; };
		A100000005 /* Spacing.swift in Sources */ = {isa = PBXBuildFile; fileRef = B100000005 /* Spacing.swift */; };
		A100000006 /* CrescendButton.swift in Sources */ = {isa = PBXBuildFile; fileRef = B100000006 /* CrescendButton.swift */; };
		A100000007 /* CrescendCard.swift in Sources */ = {isa = PBXBuildFile; fileRef = B100000007 /* CrescendCard.swift */; };
		A100000008 /* Theme.swift in Sources */ = {isa = PBXBuildFile; fileRef = B100000008 /* Theme.swift */; };
		A100000019 /* APIClient.swift in Sources */ = {isa = PBXBuildFile; fileRef = B100000019 /* APIClient.swift */; };
		A100000020 /* APIEndpoints.swift in Sources */ = {isa = PBXBuildFile; fileRef = B100000020 /* APIEndpoints.swift */; };
		A100000021 /* APIModels.swift in Sources */ = {isa = PBXBuildFile; fileRef = B100000021 /* APIModels.swift */; };
		A100000033 /* AudioSessionManager.swift in Sources */ = {isa = PBXBuildFile; fileRef = B100000034 /* AudioSessionManager.swift */; };
		A100000034 /* RingBuffer.swift in Sources */ = {isa = PBXBuildFile; fileRef = B100000035 /* RingBuffer.swift */; };
		A100000035 /* AudioCaptureEngine.swift in Sources */ = {isa = PBXBuildFile; fileRef = B100000036 /* AudioCaptureEngine.swift */; };
		A100000036 /* ChunkProducer.swift in Sources */ = {isa = PBXBuildFile; fileRef = B100000037 /* ChunkProducer.swift */; };
		A100000037 /* InferenceProvider.swift in Sources */ = {isa = PBXBuildFile; fileRef = B100000038 /* InferenceProvider.swift */; };
		A100000038 /* PracticeSessionManager.swift in Sources */ = {isa = PBXBuildFile; fileRef = B100000039 /* PracticeSessionManager.swift */; };
		A100000039 /* PracticeSession.swift in Sources */ = {isa = PBXBuildFile; fileRef = B100000040 /* PracticeSession.swift */; };
		A100000040 /* AudioChunk.swift in Sources */ = {isa = PBXBuildFile; fileRef = B100000041 /* AudioChunk.swift */; };
		A200000001 /* RingBufferTests.swift in Sources */ = {isa = PBXBuildFile; fileRef = B200000001 /* RingBufferTests.swift */; };
		A200000002 /* AuthServiceTests.swift in Sources */ = {isa = PBXBuildFile; fileRef = B200000002 /* AuthServiceTests.swift */; };
		A300000001 /* PracticeSessionRecord.swift in Sources */ = {isa = PBXBuildFile; fileRef = B300000001 /* PracticeSessionRecord.swift */; };
		A300000002 /* ChunkResultRecord.swift in Sources */ = {isa = PBXBuildFile; fileRef = B300000002 /* ChunkResultRecord.swift */; };
		A300000003 /* CoreMLInferenceProvider.swift in Sources */ = {isa = PBXBuildFile; fileRef = B300000003 /* CoreMLInferenceProvider.swift */; };
		A300000004 /* InferenceProviderFactory.swift in Sources */ = {isa = PBXBuildFile; fileRef = B300000004 /* InferenceProviderFactory.swift */; };
		A300000005 /* PracticeView.swift in Sources */ = {isa = PBXBuildFile; fileRef = B300000005 /* PracticeView.swift */; };
		A400000001 /* MainView.swift in Sources */ = {isa = PBXBuildFile; fileRef = B400000001 /* MainView.swift */; };
		A400000002 /* SidebarView.swift in Sources */ = {isa = PBXBuildFile; fileRef = B400000002 /* SidebarView.swift */; };
		A400000003 /* SignInView.swift in Sources */ = {isa = PBXBuildFile; fileRef = B400000003 /* SignInView.swift */; };
		A400000004 /* AuthService.swift in Sources */ = {isa = PBXBuildFile; fileRef = B400000004 /* AuthService.swift */; };
		A400000005 /* KeychainService.swift in Sources */ = {isa = PBXBuildFile; fileRef = B400000005 /* KeychainService.swift */; };
		A400000006 /* SyncService.swift in Sources */ = {isa = PBXBuildFile; fileRef = B400000006 /* SyncService.swift */; };
		A400000007 /* Student.swift in Sources */ = {isa = PBXBuildFile; fileRef = B400000007 /* Student.swift */; };
		A400000008 /* ObservationRecord.swift in Sources */ = {isa = PBXBuildFile; fileRef = B400000008 /* ObservationRecord.swift */; };
		A400000009 /* CheckInRecord.swift in Sources */ = {isa = PBXBuildFile; fileRef = B400000009 /* CheckInRecord.swift */; };
		A400000010 /* StudentModelService.swift in Sources */ = {isa = PBXBuildFile; fileRef = B400000010 /* StudentModelService.swift */; };
		A400000011 /* CheckInService.swift in Sources */ = {isa = PBXBuildFile; fileRef = B400000011 /* CheckInService.swift */; };
		A400000012 /* GoalExtractionService.swift in Sources */ = {isa = PBXBuildFile; fileRef = B400000012 /* GoalExtractionService.swift */; };
		A400000013 /* ChatView.swift in Sources */ = {isa = PBXBuildFile; fileRef = B400000013 /* ChatView.swift */; };
		A400000014 /* ChatViewModel.swift in Sources */ = {isa = PBXBuildFile; fileRef = B400000014 /* ChatViewModel.swift */; };
		A400000016 /* MessageBubble.swift in Sources */ = {isa = PBXBuildFile; fileRef = B400000016 /* MessageBubble.swift */; };
		A400000017 /* ObservationCard.swift in Sources */ = {isa = PBXBuildFile; fileRef = B400000017 /* ObservationCard.swift */; };
		A400000018 /* DimensionPill.swift in Sources */ = {isa = PBXBuildFile; fileRef = B400000018 /* DimensionPill.swift */; };
		A400000019 /* WaveformView.swift in Sources */ = {isa = PBXBuildFile; fileRef = B400000019 /* WaveformView.swift */; };
		A400000021 /* SessionReviewView.swift in Sources */ = {isa = PBXBuildFile; fileRef = B400000021 /* SessionReviewView.swift */; };
		A400000022 /* ProfileView.swift in Sources */ = {isa = PBXBuildFile; fileRef = B400000022 /* ProfileView.swift */; };
		A400000023 /* SparklineView.swift in Sources */ = {isa = PBXBuildFile; fileRef = B400000023 /* SparklineView.swift */; };
		A400000024 /* FocusModeView.swift in Sources */ = {isa = PBXBuildFile; fileRef = B400000024 /* FocusModeView.swift */; };
		A400000025 /* ScoreHighlightCard.swift in Sources */ = {isa = PBXBuildFile; fileRef = B400000025 /* ScoreHighlightCard.swift */; };
		A400000026 /* KeyboardGuideCard.swift in Sources */ = {isa = PBXBuildFile; fileRef = B400000026 /* KeyboardGuideCard.swift */; };
		A400000027 /* ExerciseSetCard.swift in Sources */ = {isa = PBXBuildFile; fileRef = B400000027 /* ExerciseSetCard.swift */; };
		A500000001 /* Lora-VariableFont_wght.ttf in Resources */ = {isa = PBXBuildFile; fileRef = B500000001 /* Lora-VariableFont_wght.ttf */; };
		A500000002 /* Assets.xcassets in Resources */ = {isa = PBXBuildFile; fileRef = B500000002 /* Assets.xcassets */; };
		A500000003 /* Figtree-VariableFont_wght.ttf in Resources */ = {isa = PBXBuildFile; fileRef = B500000003 /* Figtree-VariableFont_wght.ttf */; };
		SA000000001 /* Sentry in Frameworks */ = {isa = PBXBuildFile; productRef = SP000000001 /* Sentry */; };
		A700000001 /* ArtifactConfig.swift in Sources */ = {isa = PBXBuildFile; fileRef = B700000001 /* ArtifactConfig.swift */; };
		A700000002 /* ArtifactRenderer.swift in Sources */ = {isa = PBXBuildFile; fileRef = B700000002 /* ArtifactRenderer.swift */; };
		A200000003 /* ArtifactConfigTests.swift in Sources */ = {isa = PBXBuildFile; fileRef = B200000003 /* ArtifactConfigTests.swift */; };
		A800000001 /* PracticeSessionService.swift in Sources */ = {isa = PBXBuildFile; fileRef = B800000001 /* PracticeSessionService.swift */; };
		A800000002 /* ConversationRecord.swift in Sources */ = {isa = PBXBuildFile; fileRef = B800000002 /* ConversationRecord.swift */; };
		A200000004 /* PracticeSessionServiceTests.swift in Sources */ = {isa = PBXBuildFile; fileRef = B200000004 /* PracticeSessionServiceTests.swift */; };
		A900000001 /* ChatService.swift in Sources */ = {isa = PBXBuildFile; fileRef = B900000001 /* ChatService.swift */; };
		A200000005 /* ChatServiceTests.swift in Sources */ = {isa = PBXBuildFile; fileRef = B200000005 /* ChatServiceTests.swift */; };
		A200000006 /* ChatViewModelTests.swift in Sources */ = {isa = PBXBuildFile; fileRef = B200000006 /* ChatViewModelTests.swift */; };
/* End PBXBuildFile section */

/* Begin PBXContainerItemProxy section */
		G100000001 /* PBXContainerItemProxy */ = {
			isa = PBXContainerItemProxy;
			containerPortal = F100000010 /* Project object */;
			proxyType = 1;
			remoteGlobalIDString = F100000001;
			remoteInfo = CrescendAI;
		};
/* End PBXContainerItemProxy section */

/* Begin PBXFileReference section */
		B100000001 /* CrescendAIApp.swift */ = {isa = PBXFileReference; lastKnownFileType = sourcecode.swift; path = CrescendAIApp.swift; sourceTree = "<group>"; };
		B100000002 /* ContentView.swift */ = {isa = PBXFileReference; lastKnownFileType = sourcecode.swift; path = ContentView.swift; sourceTree = "<group>"; };
		B100000003 /* Colors.swift */ = {isa = PBXFileReference; lastKnownFileType = sourcecode.swift; path = Colors.swift; sourceTree = "<group>"; };
		B100000004 /* Typography.swift */ = {isa = PBXFileReference; lastKnownFileType = sourcecode.swift; path = Typography.swift; sourceTree = "<group>"; };
		B100000005 /* Spacing.swift */ = {isa = PBXFileReference; lastKnownFileType = sourcecode.swift; path = Spacing.swift; sourceTree = "<group>"; };
		B100000006 /* CrescendButton.swift */ = {isa = PBXFileReference; lastKnownFileType = sourcecode.swift; path = CrescendButton.swift; sourceTree = "<group>"; };
		B100000007 /* CrescendCard.swift */ = {isa = PBXFileReference; lastKnownFileType = sourcecode.swift; path = CrescendCard.swift; sourceTree = "<group>"; };
		B100000008 /* Theme.swift */ = {isa = PBXFileReference; lastKnownFileType = sourcecode.swift; path = Theme.swift; sourceTree = "<group>"; };
		B100000019 /* APIClient.swift */ = {isa = PBXFileReference; lastKnownFileType = sourcecode.swift; path = APIClient.swift; sourceTree = "<group>"; };
		B100000020 /* APIEndpoints.swift */ = {isa = PBXFileReference; lastKnownFileType = sourcecode.swift; path = APIEndpoints.swift; sourceTree = "<group>"; };
		B100000021 /* APIModels.swift */ = {isa = PBXFileReference; lastKnownFileType = sourcecode.swift; path = APIModels.swift; sourceTree = "<group>"; };
		B100000022 /* Info.plist */ = {isa = PBXFileReference; lastKnownFileType = text.plist.xml; path = Info.plist; sourceTree = "<group>"; };
		B100000034 /* AudioSessionManager.swift */ = {isa = PBXFileReference; lastKnownFileType = sourcecode.swift; path = AudioSessionManager.swift; sourceTree = "<group>"; };
		B100000035 /* RingBuffer.swift */ = {isa = PBXFileReference; lastKnownFileType = sourcecode.swift; path = RingBuffer.swift; sourceTree = "<group>"; };
		B100000036 /* AudioCaptureEngine.swift */ = {isa = PBXFileReference; lastKnownFileType = sourcecode.swift; path = AudioCaptureEngine.swift; sourceTree = "<group>"; };
		B100000037 /* ChunkProducer.swift */ = {isa = PBXFileReference; lastKnownFileType = sourcecode.swift; path = ChunkProducer.swift; sourceTree = "<group>"; };
		B100000038 /* InferenceProvider.swift */ = {isa = PBXFileReference; lastKnownFileType = sourcecode.swift; path = InferenceProvider.swift; sourceTree = "<group>"; };
		B100000039 /* PracticeSessionManager.swift */ = {isa = PBXFileReference; lastKnownFileType = sourcecode.swift; path = PracticeSessionManager.swift; sourceTree = "<group>"; };
		B100000040 /* PracticeSession.swift */ = {isa = PBXFileReference; lastKnownFileType = sourcecode.swift; path = PracticeSession.swift; sourceTree = "<group>"; };
		B100000041 /* AudioChunk.swift */ = {isa = PBXFileReference; lastKnownFileType = sourcecode.swift; path = AudioChunk.swift; sourceTree = "<group>"; };
		B200000001 /* RingBufferTests.swift */ = {isa = PBXFileReference; lastKnownFileType = sourcecode.swift; path = RingBufferTests.swift; sourceTree = "<group>"; };
		B200000002 /* AuthServiceTests.swift */ = {isa = PBXFileReference; lastKnownFileType = sourcecode.swift; path = AuthServiceTests.swift; sourceTree = "<group>"; };
		B200000003 /* ArtifactConfigTests.swift */ = {isa = PBXFileReference; lastKnownFileType = sourcecode.swift; path = ArtifactConfigTests.swift; sourceTree = "<group>"; };
		B200000004 /* PracticeSessionServiceTests.swift */ = {isa = PBXFileReference; lastKnownFileType = sourcecode.swift; path = PracticeSessionServiceTests.swift; sourceTree = "<group>"; };
		B800000001 /* PracticeSessionService.swift */ = {isa = PBXFileReference; lastKnownFileType = sourcecode.swift; path = PracticeSessionService.swift; sourceTree = "<group>"; };
		B800000002 /* ConversationRecord.swift */ = {isa = PBXFileReference; lastKnownFileType = sourcecode.swift; path = ConversationRecord.swift; sourceTree = "<group>"; };
		B900000001 /* ChatService.swift */ = {isa = PBXFileReference; lastKnownFileType = sourcecode.swift; path = ChatService.swift; sourceTree = "<group>"; };
		B200000005 /* ChatServiceTests.swift */ = {isa = PBXFileReference; lastKnownFileType = sourcecode.swift; path = ChatServiceTests.swift; sourceTree = "<group>"; };
		B200000006 /* ChatViewModelTests.swift */ = {isa = PBXFileReference; lastKnownFileType = sourcecode.swift; path = ChatViewModelTests.swift; sourceTree = "<group>"; };
		B700000001 /* ArtifactConfig.swift */ = {isa = PBXFileReference; lastKnownFileType = sourcecode.swift; path = ArtifactConfig.swift; sourceTree = "<group>"; };
		B700000002 /* ArtifactRenderer.swift */ = {isa = PBXFileReference; lastKnownFileType = sourcecode.swift; path = ArtifactRenderer.swift; sourceTree = "<group>"; };
		B300000001 /* PracticeSessionRecord.swift */ = {isa = PBXFileReference; lastKnownFileType = sourcecode.swift; path = PracticeSessionRecord.swift; sourceTree = "<group>"; };
		B300000002 /* ChunkResultRecord.swift */ = {isa = PBXFileReference; lastKnownFileType = sourcecode.swift; path = ChunkResultRecord.swift; sourceTree = "<group>"; };
		B300000003 /* CoreMLInferenceProvider.swift */ = {isa = PBXFileReference; lastKnownFileType = sourcecode.swift; path = CoreMLInferenceProvider.swift; sourceTree = "<group>"; };
		B300000004 /* InferenceProviderFactory.swift */ = {isa = PBXFileReference; lastKnownFileType = sourcecode.swift; path = InferenceProviderFactory.swift; sourceTree = "<group>"; };
		B300000005 /* PracticeView.swift */ = {isa = PBXFileReference; lastKnownFileType = sourcecode.swift; path = PracticeView.swift; sourceTree = "<group>"; };
		B400000001 /* MainView.swift */ = {isa = PBXFileReference; lastKnownFileType = sourcecode.swift; path = MainView.swift; sourceTree = "<group>"; };
		B400000002 /* SidebarView.swift */ = {isa = PBXFileReference; lastKnownFileType = sourcecode.swift; path = SidebarView.swift; sourceTree = "<group>"; };
		B400000003 /* SignInView.swift */ = {isa = PBXFileReference; lastKnownFileType = sourcecode.swift; path = SignInView.swift; sourceTree = "<group>"; };
		B400000004 /* AuthService.swift */ = {isa = PBXFileReference; lastKnownFileType = sourcecode.swift; path = AuthService.swift; sourceTree = "<group>"; };
		B400000005 /* KeychainService.swift */ = {isa = PBXFileReference; lastKnownFileType = sourcecode.swift; path = KeychainService.swift; sourceTree = "<group>"; };
		B400000006 /* SyncService.swift */ = {isa = PBXFileReference; lastKnownFileType = sourcecode.swift; path = SyncService.swift; sourceTree = "<group>"; };
		B400000007 /* Student.swift */ = {isa = PBXFileReference; lastKnownFileType = sourcecode.swift; path = Student.swift; sourceTree = "<group>"; };
		B400000008 /* ObservationRecord.swift */ = {isa = PBXFileReference; lastKnownFileType = sourcecode.swift; path = ObservationRecord.swift; sourceTree = "<group>"; };
		B400000009 /* CheckInRecord.swift */ = {isa = PBXFileReference; lastKnownFileType = sourcecode.swift; path = CheckInRecord.swift; sourceTree = "<group>"; };
		B400000010 /* StudentModelService.swift */ = {isa = PBXFileReference; lastKnownFileType = sourcecode.swift; path = StudentModelService.swift; sourceTree = "<group>"; };
		B400000011 /* CheckInService.swift */ = {isa = PBXFileReference; lastKnownFileType = sourcecode.swift; path = CheckInService.swift; sourceTree = "<group>"; };
		B400000012 /* GoalExtractionService.swift */ = {isa = PBXFileReference; lastKnownFileType = sourcecode.swift; path = GoalExtractionService.swift; sourceTree = "<group>"; };
		B400000013 /* ChatView.swift */ = {isa = PBXFileReference; lastKnownFileType = sourcecode.swift; path = ChatView.swift; sourceTree = "<group>"; };
		B400000014 /* ChatViewModel.swift */ = {isa = PBXFileReference; lastKnownFileType = sourcecode.swift; path = ChatViewModel.swift; sourceTree = "<group>"; };
		B400000016 /* MessageBubble.swift */ = {isa = PBXFileReference; lastKnownFileType = sourcecode.swift; path = MessageBubble.swift; sourceTree = "<group>"; };
		B400000017 /* ObservationCard.swift */ = {isa = PBXFileReference; lastKnownFileType = sourcecode.swift; path = ObservationCard.swift; sourceTree = "<group>"; };
		B400000018 /* DimensionPill.swift */ = {isa = PBXFileReference; lastKnownFileType = sourcecode.swift; path = DimensionPill.swift; sourceTree = "<group>"; };
		B400000019 /* WaveformView.swift */ = {isa = PBXFileReference; lastKnownFileType = sourcecode.swift; path = WaveformView.swift; sourceTree = "<group>"; };
		B400000021 /* SessionReviewView.swift */ = {isa = PBXFileReference; lastKnownFileType = sourcecode.swift; path = SessionReviewView.swift; sourceTree = "<group>"; };
		B400000022 /* ProfileView.swift */ = {isa = PBXFileReference; lastKnownFileType = sourcecode.swift; path = ProfileView.swift; sourceTree = "<group>"; };
		B400000023 /* SparklineView.swift */ = {isa = PBXFileReference; lastKnownFileType = sourcecode.swift; path = SparklineView.swift; sourceTree = "<group>"; };
		B400000024 /* FocusModeView.swift */ = {isa = PBXFileReference; lastKnownFileType = sourcecode.swift; path = FocusModeView.swift; sourceTree = "<group>"; };
		B400000025 /* ScoreHighlightCard.swift */ = {isa = PBXFileReference; lastKnownFileType = sourcecode.swift; path = ScoreHighlightCard.swift; sourceTree = "<group>"; };
		B400000026 /* KeyboardGuideCard.swift */ = {isa = PBXFileReference; lastKnownFileType = sourcecode.swift; path = KeyboardGuideCard.swift; sourceTree = "<group>"; };
		B400000027 /* ExerciseSetCard.swift */ = {isa = PBXFileReference; lastKnownFileType = sourcecode.swift; path = ExerciseSetCard.swift; sourceTree = "<group>"; };
		B500000001 /* Lora-VariableFont_wght.ttf */ = {isa = PBXFileReference; lastKnownFileType = file; path = "Lora-VariableFont_wght.ttf"; sourceTree = "<group>"; };
		B500000002 /* Assets.xcassets */ = {isa = PBXFileReference; lastKnownFileType = folder.assetcatalog; path = Assets.xcassets; sourceTree = "<group>"; };
		B500000003 /* Figtree-VariableFont_wght.ttf */ = {isa = PBXFileReference; lastKnownFileType = file; path = "Figtree-VariableFont_wght.ttf"; sourceTree = "<group>"; };
		C100000001 /* CrescendAI.app */ = {isa = PBXFileReference; explicitFileType = wrapper.application; includeInIndex = 0; path = CrescendAI.app; sourceTree = BUILT_PRODUCTS_DIR; };
		C200000001 /* CrescendAITests.xctest */ = {isa = PBXFileReference; explicitFileType = wrapper.cfbundle; includeInIndex = 0; path = CrescendAITests.xctest; sourceTree = BUILT_PRODUCTS_DIR; };
/* End PBXFileReference section */

/* Begin PBXFrameworksBuildPhase section */
		D100000001 /* Frameworks */ = {
			isa = PBXFrameworksBuildPhase;
			buildActionMask = 2147483647;
			files = (
				SA000000001 /* Sentry in Frameworks */,
			);
			runOnlyForDeploymentPostprocessing = 0;
		};
		D200000001 /* Frameworks */ = {
			isa = PBXFrameworksBuildPhase;
			buildActionMask = 2147483647;
			files = (
			);
			runOnlyForDeploymentPostprocessing = 0;
		};
/* End PBXFrameworksBuildPhase section */

/* Begin PBXGroup section */
		E100000001 = {
			isa = PBXGroup;
			children = (
				E100000002 /* CrescendAI */,
				E200000001 /* CrescendAITests */,
				E100000020 /* Products */,
			);
			sourceTree = "<group>";
		};
		E100000002 /* CrescendAI */ = {
			isa = PBXGroup;
			children = (
				E100000003 /* App */,
				E100000004 /* DesignSystem */,
				E100000008 /* Features */,
				E100000026 /* Models */,
				E100000023 /* Services */,
				E100000013 /* Networking */,
				E100000014 /* Resources */,
				B100000022 /* Info.plist */,
			);
			path = CrescendAI;
			sourceTree = "<group>";
		};
		E100000003 /* App */ = {
			isa = PBXGroup;
			children = (
				B100000001 /* CrescendAIApp.swift */,
				B100000002 /* ContentView.swift */,
				B400000001 /* MainView.swift */,
				B400000002 /* SidebarView.swift */,
			);
			path = App;
			sourceTree = "<group>";
		};
		E100000004 /* DesignSystem */ = {
			isa = PBXGroup;
			children = (
				E100000005 /* Tokens */,
				E100000006 /* Components */,
				B100000008 /* Theme.swift */,
			);
			path = DesignSystem;
			sourceTree = "<group>";
		};
		E100000005 /* Tokens */ = {
			isa = PBXGroup;
			children = (
				B100000003 /* Colors.swift */,
				B100000004 /* Typography.swift */,
				B100000005 /* Spacing.swift */,
			);
			path = Tokens;
			sourceTree = "<group>";
		};
		E100000006 /* Components */ = {
			isa = PBXGroup;
			children = (
				B100000006 /* CrescendButton.swift */,
				B100000007 /* CrescendCard.swift */,
			);
			path = Components;
			sourceTree = "<group>";
		};
		E100000008 /* Features */ = {
			isa = PBXGroup;
			children = (
				E400000001 /* Auth */,
				E400000002 /* Chat */,
				E300000001 /* Practice */,
				E400000004 /* SessionReview */,
				E400000005 /* Profile */,
				E400000006 /* FocusMode */,
			);
			path = Features;
			sourceTree = "<group>";
		};
		E100000013 /* Networking */ = {
			isa = PBXGroup;
			children = (
				B100000019 /* APIClient.swift */,
				B100000020 /* APIEndpoints.swift */,
				B100000021 /* APIModels.swift */,
			);
			path = Networking;
			sourceTree = "<group>";
		};
		E100000014 /* Resources */ = {
			isa = PBXGroup;
			children = (
				B500000002 /* Assets.xcassets */,
				E100000015 /* Fonts */,
				E100000016 /* SoundFonts */,
			);
			path = Resources;
			sourceTree = "<group>";
		};
		E100000015 /* Fonts */ = {
			isa = PBXGroup;
			children = (
				B500000001 /* Lora-VariableFont_wght.ttf */,
				B500000003 /* Figtree-VariableFont_wght.ttf */,
			);
			path = Fonts;
			sourceTree = "<group>";
		};
		E100000016 /* SoundFonts */ = {
			isa = PBXGroup;
			children = (
			);
			path = SoundFonts;
			sourceTree = "<group>";
		};
		E100000020 /* Products */ = {
			isa = PBXGroup;
			children = (
				C100000001 /* CrescendAI.app */,
				C200000001 /* CrescendAITests.xctest */,
			);
			name = Products;
			sourceTree = "<group>";
		};
		E100000023 /* Services */ = {
			isa = PBXGroup;
			children = (
				E400000007 /* Auth */,
				E100000024 /* AudioEngine */,
				E100000025 /* Inference */,
				E800000001 /* Practice */,
				E100000027 /* Chat */,
				B400000010 /* StudentModelService.swift */,
				B400000011 /* CheckInService.swift */,
				B400000012 /* GoalExtractionService.swift */,
			);
			path = Services;
			sourceTree = "<group>";
		};
		E100000027 /* Chat */ = {
			isa = PBXGroup;
			children = (
				B900000001 /* ChatService.swift */,
			);
			path = Chat;
			sourceTree = "<group>";
		};
		E800000001 /* Practice */ = {
			isa = PBXGroup;
			children = (
				B800000001 /* PracticeSessionService.swift */,
			);
			path = Practice;
			sourceTree = "<group>";
		};
		E100000024 /* AudioEngine */ = {
			isa = PBXGroup;
			children = (
				B100000034 /* AudioSessionManager.swift */,
				B100000035 /* RingBuffer.swift */,
				B100000036 /* AudioCaptureEngine.swift */,
				B100000037 /* ChunkProducer.swift */,
				B100000039 /* PracticeSessionManager.swift */,
			);
			path = AudioEngine;
			sourceTree = "<group>";
		};
		E100000025 /* Inference */ = {
			isa = PBXGroup;
			children = (
				B100000038 /* InferenceProvider.swift */,
				B300000003 /* CoreMLInferenceProvider.swift */,
				B300000004 /* InferenceProviderFactory.swift */,
			);
			path = Inference;
			sourceTree = "<group>";
		};
		E100000026 /* Models */ = {
			isa = PBXGroup;
			children = (
				B400000007 /* Student.swift */,
				B100000040 /* PracticeSession.swift */,
				B100000041 /* AudioChunk.swift */,
				B300000001 /* PracticeSessionRecord.swift */,
				B300000002 /* ChunkResultRecord.swift */,
				B400000008 /* ObservationRecord.swift */,
				B400000009 /* CheckInRecord.swift */,
				B700000001 /* ArtifactConfig.swift */,
				B800000002 /* ConversationRecord.swift */,
			);
			path = Models;
			sourceTree = "<group>";
		};
		E200000001 /* CrescendAITests */ = {
			isa = PBXGroup;
			children = (
				B200000001 /* RingBufferTests.swift */,
				B200000002 /* AuthServiceTests.swift */,
				B200000003 /* ArtifactConfigTests.swift */,
				B200000004 /* PracticeSessionServiceTests.swift */,
				B200000005 /* ChatServiceTests.swift */,
				B200000006 /* ChatViewModelTests.swift */,
			);
			path = CrescendAITests;
			sourceTree = "<group>";
		};
		E300000001 /* Practice */ = {
			isa = PBXGroup;
			children = (
				B300000005 /* PracticeView.swift */,
				B400000019 /* WaveformView.swift */,
			);
			path = Practice;
			sourceTree = "<group>";
		};
		E400000001 /* Auth */ = {
			isa = PBXGroup;
			children = (
				B400000003 /* SignInView.swift */,
			);
			path = Auth;
			sourceTree = "<group>";
		};
		E400000002 /* Chat */ = {
			isa = PBXGroup;
			children = (
				B400000013 /* ChatView.swift */,
				B400000014 /* ChatViewModel.swift */,
				B400000016 /* MessageBubble.swift */,
				B400000017 /* ObservationCard.swift */,
				B400000018 /* DimensionPill.swift */,
				B700000002 /* ArtifactRenderer.swift */,
				E400000003 /* ComponentCards */,
			);
			path = Chat;
			sourceTree = "<group>";
		};
		E400000003 /* ComponentCards */ = {
			isa = PBXGroup;
			children = (
				B400000025 /* ScoreHighlightCard.swift */,
				B400000026 /* KeyboardGuideCard.swift */,
				B400000027 /* ExerciseSetCard.swift */,
			);
			path = ComponentCards;
			sourceTree = "<group>";
		};
		E400000004 /* SessionReview */ = {
			isa = PBXGroup;
			children = (
				B400000021 /* SessionReviewView.swift */,
			);
			path = SessionReview;
			sourceTree = "<group>";
		};
		E400000005 /* Profile */ = {
			isa = PBXGroup;
			children = (
				B400000022 /* ProfileView.swift */,
				B400000023 /* SparklineView.swift */,
			);
			path = Profile;
			sourceTree = "<group>";
		};
		E400000006 /* FocusMode */ = {
			isa = PBXGroup;
			children = (
				B400000024 /* FocusModeView.swift */,
			);
			path = FocusMode;
			sourceTree = "<group>";
		};
		E400000007 /* Auth */ = {
			isa = PBXGroup;
			children = (
				B400000004 /* AuthService.swift */,
				B400000005 /* KeychainService.swift */,
				B400000006 /* SyncService.swift */,
			);
			path = Auth;
			sourceTree = "<group>";
		};
/* End PBXGroup section */

/* Begin PBXNativeTarget section */
		F100000001 /* CrescendAI */ = {
			isa = PBXNativeTarget;
			buildConfigurationList = F200000003 /* Build configuration list for PBXNativeTarget "CrescendAI" */;
			buildPhases = (
				F100000002 /* Sources */,
				D100000001 /* Frameworks */,
				F100000003 /* Resources */,
			);
			buildRules = (
			);
			dependencies = (
			);
			name = CrescendAI;
			packageProductDependencies = (
				SP000000001 /* Sentry */,
			);
			productName = CrescendAI;
			productReference = C100000001 /* CrescendAI.app */;
			productType = "com.apple.product-type.application";
		};
		F300000001 /* CrescendAITests */ = {
			isa = PBXNativeTarget;
			buildConfigurationList = F400000001 /* Build configuration list for PBXNativeTarget "CrescendAITests" */;
			buildPhases = (
				F300000002 /* Sources */,
				D200000001 /* Frameworks */,
			);
			buildRules = (
			);
			dependencies = (
				G200000001 /* PBXTargetDependency */,
			);
			name = CrescendAITests;
			productName = CrescendAITests;
			productReference = C200000001 /* CrescendAITests.xctest */;
			productType = "com.apple.product-type.bundle.unit-test";
		};
/* End PBXNativeTarget section */

/* Begin PBXProject section */
		F100000010 /* Project object */ = {
			isa = PBXProject;
			attributes = {
				BuildIndependentTargetsInParallel = 1;
				LastSwiftUpdateCheck = 1600;
				LastUpgradeCheck = 1600;
				TargetAttributes = {
					F100000001 = {
						CreatedOnToolsVersion = 16.0;
					};
					F300000001 = {
						CreatedOnToolsVersion = 16.0;
						TestTargetID = F100000001;
					};
				};
			};
			buildConfigurationList = F200000001 /* Build configuration list for PBXProject "CrescendAI" */;
			compatibilityVersion = "Xcode 14.0";
			developmentRegion = en;
			hasScannedForEncodings = 0;
			knownRegions = (
				en,
				Base,
			);
			mainGroup = E100000001;
			packageReferences = (
				SR000000001 /* XCRemoteSwiftPackageReference "sentry-cocoa" */,
			);
			productRefGroup = E100000020 /* Products */;
			projectDirPath = "";
			projectRoot = "";
			targets = (
				F100000001 /* CrescendAI */,
				F300000001 /* CrescendAITests */,
			);
		};
/* End PBXProject section */

/* Begin PBXResourcesBuildPhase section */
		F100000003 /* Resources */ = {
			isa = PBXResourcesBuildPhase;
			buildActionMask = 2147483647;
			files = (
				A500000001 /* Lora-VariableFont_wght.ttf in Resources */,
				A500000003 /* Figtree-VariableFont_wght.ttf in Resources */,
				A500000002 /* Assets.xcassets in Resources */,
			);
			runOnlyForDeploymentPostprocessing = 0;
		};
/* End PBXResourcesBuildPhase section */

/* Begin PBXSourcesBuildPhase section */
		F100000002 /* Sources */ = {
			isa = PBXSourcesBuildPhase;
			buildActionMask = 2147483647;
			files = (
				A100000001 /* CrescendAIApp.swift in Sources */,
				A100000002 /* ContentView.swift in Sources */,
				A400000001 /* MainView.swift in Sources */,
				A400000002 /* SidebarView.swift in Sources */,
				A100000003 /* Colors.swift in Sources */,
				A100000004 /* Typography.swift in Sources */,
				A100000005 /* Spacing.swift in Sources */,
				A100000006 /* CrescendButton.swift in Sources */,
				A100000007 /* CrescendCard.swift in Sources */,
				A100000008 /* Theme.swift in Sources */,
				A100000019 /* APIClient.swift in Sources */,
				A100000020 /* APIEndpoints.swift in Sources */,
				A100000021 /* APIModels.swift in Sources */,
				A100000033 /* AudioSessionManager.swift in Sources */,
				A100000034 /* RingBuffer.swift in Sources */,
				A100000035 /* AudioCaptureEngine.swift in Sources */,
				A100000036 /* ChunkProducer.swift in Sources */,
				A100000037 /* InferenceProvider.swift in Sources */,
				A100000038 /* PracticeSessionManager.swift in Sources */,
				A100000039 /* PracticeSession.swift in Sources */,
				A100000040 /* AudioChunk.swift in Sources */,
				A300000001 /* PracticeSessionRecord.swift in Sources */,
				A300000002 /* ChunkResultRecord.swift in Sources */,
				A300000003 /* CoreMLInferenceProvider.swift in Sources */,
				A300000004 /* InferenceProviderFactory.swift in Sources */,
				A300000005 /* PracticeView.swift in Sources */,
				A400000003 /* SignInView.swift in Sources */,
				A400000004 /* AuthService.swift in Sources */,
				A400000005 /* KeychainService.swift in Sources */,
				A400000006 /* SyncService.swift in Sources */,
				A400000007 /* Student.swift in Sources */,
				A400000008 /* ObservationRecord.swift in Sources */,
				A400000009 /* CheckInRecord.swift in Sources */,
				A400000010 /* StudentModelService.swift in Sources */,
				A400000011 /* CheckInService.swift in Sources */,
				A400000012 /* GoalExtractionService.swift in Sources */,
				A400000013 /* ChatView.swift in Sources */,
				A400000014 /* ChatViewModel.swift in Sources */,
				A400000016 /* MessageBubble.swift in Sources */,
				A400000017 /* ObservationCard.swift in Sources */,
				A400000018 /* DimensionPill.swift in Sources */,
				A400000019 /* WaveformView.swift in Sources */,
				A400000021 /* SessionReviewView.swift in Sources */,
				A400000022 /* ProfileView.swift in Sources */,
				A400000023 /* SparklineView.swift in Sources */,
				A400000024 /* FocusModeView.swift in Sources */,
				A400000025 /* ScoreHighlightCard.swift in Sources */,
				A400000026 /* KeyboardGuideCard.swift in Sources */,
				A400000027 /* ExerciseSetCard.swift in Sources */,
				A700000001 /* ArtifactConfig.swift in Sources */,
				A700000002 /* ArtifactRenderer.swift in Sources */,
				A800000001 /* PracticeSessionService.swift in Sources */,
				A800000002 /* ConversationRecord.swift in Sources */,
				A900000001 /* ChatService.swift in Sources */,
			);
			runOnlyForDeploymentPostprocessing = 0;
		};
		F300000002 /* Sources */ = {
			isa = PBXSourcesBuildPhase;
			buildActionMask = 2147483647;
			files = (
				A200000001 /* RingBufferTests.swift in Sources */,
				A200000002 /* AuthServiceTests.swift in Sources */,
				A200000003 /* ArtifactConfigTests.swift in Sources */,
				A200000004 /* PracticeSessionServiceTests.swift in Sources */,
				A200000005 /* ChatServiceTests.swift in Sources */,
				A200000006 /* ChatViewModelTests.swift in Sources */,
			);
			runOnlyForDeploymentPostprocessing = 0;
		};
/* End PBXSourcesBuildPhase section */

/* Begin PBXTargetDependency section */
		G200000001 /* PBXTargetDependency */ = {
			isa = PBXTargetDependency;
			target = F100000001 /* CrescendAI */;
			targetProxy = G100000001 /* PBXContainerItemProxy */;
		};
/* End PBXTargetDependency section */

/* Begin XCBuildConfiguration section */
		F200000010 /* Debug */ = {
			isa = XCBuildConfiguration;
			buildSettings = {
				ALWAYS_SEARCH_USER_PATHS = NO;
				ASSETCATALOG_COMPILER_GENERATE_SWIFT_ASSET_SYMBOL_EXTENSIONS = YES;
				CLANG_ANALYZER_NONNULL = YES;
				CLANG_ANALYZER_NUMBER_OBJECT_CONVERSION = YES_AGGRESSIVE;
				CLANG_CXX_LANGUAGE_STANDARD = "gnu++20";
				CLANG_ENABLE_MODULES = YES;
				CLANG_ENABLE_OBJC_ARC = YES;
				CLANG_ENABLE_OBJC_WEAK = YES;
				CLANG_WARN_BLOCK_CAPTURE_AUTORELEASING = YES;
				CLANG_WARN_BOOL_CONVERSION = YES;
				CLANG_WARN_COMMA = YES;
				CLANG_WARN_CONSTANT_CONVERSION = YES;
				CLANG_WARN_DEPRECATED_OBJC_IMPLEMENTATIONS = YES;
				CLANG_WARN_DIRECT_OBJC_ISA_USAGE = YES_ERROR;
				CLANG_WARN_DOCUMENTATION_COMMENTS = YES;
				CLANG_WARN_EMPTY_BODY = YES;
				CLANG_WARN_ENUM_CONVERSION = YES;
				CLANG_WARN_INFINITE_RECURSION = YES;
				CLANG_WARN_INT_CONVERSION = YES;
				CLANG_WARN_NON_LITERAL_NULL_CONVERSION = YES;
				CLANG_WARN_OBJC_IMPLICIT_RETAIN_SELF = YES;
				CLANG_WARN_OBJC_LITERAL_CONVERSION = YES;
				CLANG_WARN_OBJC_ROOT_CLASS = YES_ERROR;
				CLANG_WARN_QUOTED_INCLUDE_IN_FRAMEWORK_HEADER = YES;
				CLANG_WARN_RANGE_LOOP_ANALYSIS = YES;
				CLANG_WARN_STRICT_PROTOTYPES = YES;
				CLANG_WARN_SUSPICIOUS_MOVE = YES;
				CLANG_WARN_UNGUARDED_AVAILABILITY = YES_AGGRESSIVE;
				CLANG_WARN_UNREACHABLE_CODE = YES;
				CLANG_WARN__DUPLICATE_METHOD_MATCH = YES;
				COPY_PHASE_STRIP = NO;
				DEBUG_INFORMATION_FORMAT = dwarf;
				ENABLE_STRICT_OBJC_MSGSEND = YES;
				ENABLE_TESTABILITY = YES;
				ENABLE_USER_SCRIPT_SANDBOXING = YES;
				GCC_C_LANGUAGE_STANDARD = gnu17;
				GCC_DYNAMIC_NO_PIC = NO;
				GCC_NO_COMMON_BLOCKS = YES;
				GCC_OPTIMIZATION_LEVEL = 0;
				GCC_PREPROCESSOR_DEFINITIONS = (
					"DEBUG=1",
					"$(inherited)",
				);
				GCC_WARN_64_TO_32_BIT_CONVERSION = YES;
				GCC_WARN_ABOUT_RETURN_TYPE = YES_ERROR;
				GCC_WARN_UNDECLARED_SELECTOR = YES;
				GCC_WARN_UNINITIALIZED_AUTOS = YES_AGGRESSIVE;
				GCC_WARN_UNUSED_FUNCTION = YES;
				GCC_WARN_UNUSED_VARIABLE = YES;
				IPHONEOS_DEPLOYMENT_TARGET = 17.0;
				MTL_ENABLE_DEBUG_INFO = INCLUDE_SOURCE;
				MTL_FAST_MATH = YES;
				ONLY_ACTIVE_ARCH = YES;
				SDKROOT = iphoneos;
				SWIFT_ACTIVE_COMPILATION_CONDITIONS = "DEBUG $(inherited)";
				SWIFT_OPTIMIZATION_LEVEL = "-Onone";
			};
			name = Debug;
		};
		F200000011 /* Release */ = {
			isa = XCBuildConfiguration;
			buildSettings = {
				ALWAYS_SEARCH_USER_PATHS = NO;
				ASSETCATALOG_COMPILER_GENERATE_SWIFT_ASSET_SYMBOL_EXTENSIONS = YES;
				CLANG_ANALYZER_NONNULL = YES;
				CLANG_ANALYZER_NUMBER_OBJECT_CONVERSION = YES_AGGRESSIVE;
				CLANG_CXX_LANGUAGE_STANDARD = "gnu++20";
				CLANG_ENABLE_MODULES = YES;
				CLANG_ENABLE_OBJC_ARC = YES;
				CLANG_ENABLE_OBJC_WEAK = YES;
				CLANG_WARN_BLOCK_CAPTURE_AUTORELEASING = YES;
				CLANG_WARN_BOOL_CONVERSION = YES;
				CLANG_WARN_COMMA = YES;
				CLANG_WARN_CONSTANT_CONVERSION = YES;
				CLANG_WARN_DEPRECATED_OBJC_IMPLEMENTATIONS = YES;
				CLANG_WARN_DIRECT_OBJC_ISA_USAGE = YES_ERROR;
				CLANG_WARN_DOCUMENTATION_COMMENTS = YES;
				CLANG_WARN_EMPTY_BODY = YES;
				CLANG_WARN_ENUM_CONVERSION = YES;
				CLANG_WARN_INFINITE_RECURSION = YES;
				CLANG_WARN_INT_CONVERSION = YES;
				CLANG_WARN_NON_LITERAL_NULL_CONVERSION = YES;
				CLANG_WARN_OBJC_IMPLICIT_RETAIN_SELF = YES;
				CLANG_WARN_OBJC_LITERAL_CONVERSION = YES;
				CLANG_WARN_OBJC_ROOT_CLASS = YES_ERROR;
				CLANG_WARN_QUOTED_INCLUDE_IN_FRAMEWORK_HEADER = YES;
				CLANG_WARN_RANGE_LOOP_ANALYSIS = YES;
				CLANG_WARN_STRICT_PROTOTYPES = YES;
				CLANG_WARN_SUSPICIOUS_MOVE = YES;
				CLANG_WARN_UNGUARDED_AVAILABILITY = YES_AGGRESSIVE;
				CLANG_WARN_UNREACHABLE_CODE = YES;
				CLANG_WARN__DUPLICATE_METHOD_MATCH = YES;
				COPY_PHASE_STRIP = NO;
				DEBUG_INFORMATION_FORMAT = "dwarf-with-dsym";
				ENABLE_NS_ASSERTIONS = NO;
				ENABLE_STRICT_OBJC_MSGSEND = YES;
				ENABLE_USER_SCRIPT_SANDBOXING = YES;
				GCC_C_LANGUAGE_STANDARD = gnu17;
				GCC_NO_COMMON_BLOCKS = YES;
				GCC_WARN_64_TO_32_BIT_CONVERSION = YES;
				GCC_WARN_ABOUT_RETURN_TYPE = YES_ERROR;
				GCC_WARN_UNDECLARED_SELECTOR = YES;
				GCC_WARN_UNINITIALIZED_AUTOS = YES_AGGRESSIVE;
				GCC_WARN_UNUSED_FUNCTION = YES;
				GCC_WARN_UNUSED_VARIABLE = YES;
				IPHONEOS_DEPLOYMENT_TARGET = 17.0;
				MTL_ENABLE_DEBUG_INFO = NO;
				MTL_FAST_MATH = YES;
				SDKROOT = iphoneos;
				SWIFT_COMPILATION_MODE = wholemodule;
				VALIDATE_PRODUCT = YES;
			};
			name = Release;
		};
		F200000012 /* Debug */ = {
			isa = XCBuildConfiguration;
			buildSettings = {
				ASSETCATALOG_COMPILER_APPICON_NAME = AppIcon;
				ASSETCATALOG_COMPILER_GLOBAL_ACCENT_COLOR_NAME = AccentColor;
				CODE_SIGN_STYLE = Automatic;
				CURRENT_PROJECT_VERSION = 1;
				DEVELOPMENT_TEAM = "";
				GENERATE_INFOPLIST_FILE = YES;
				INFOPLIST_FILE = CrescendAI/Info.plist;
				INFOPLIST_KEY_CFBundleDisplayName = CrescendAI;
				INFOPLIST_KEY_UIApplicationSceneManifest_Generation = YES;
				INFOPLIST_KEY_UIApplicationSupportsIndirectInputEvents = YES;
				INFOPLIST_KEY_UILaunchScreen_Generation = YES;
				INFOPLIST_KEY_UISupportedInterfaceOrientations = UIInterfaceOrientationPortrait;
				INFOPLIST_KEY_UISupportedInterfaceOrientations_iPad = "UIInterfaceOrientationLandscapeLeft UIInterfaceOrientationLandscapeRight UIInterfaceOrientationPortrait UIInterfaceOrientationPortraitUpsideDown";
				LD_RUNPATH_SEARCH_PATHS = (
					"$(inherited)",
					"@executable_path/Frameworks",
				);
				MARKETING_VERSION = 0.1.0;
				PRODUCT_BUNDLE_IDENTIFIER = ai.crescend.CrescendAI;
				PRODUCT_NAME = "$(TARGET_NAME)";
				SUPPORTED_PLATFORMS = "iphoneos iphonesimulator";
				SUPPORTS_MACCATALYST = NO;
				SWIFT_EMIT_LOC_STRINGS = YES;
				SWIFT_STRICT_CONCURRENCY = complete;
				SWIFT_VERSION = 6.0;
				TARGETED_DEVICE_FAMILY = "1,2";
			};
			name = Debug;
		};
		F200000013 /* Release */ = {
			isa = XCBuildConfiguration;
			buildSettings = {
				ASSETCATALOG_COMPILER_APPICON_NAME = AppIcon;
				ASSETCATALOG_COMPILER_GLOBAL_ACCENT_COLOR_NAME = AccentColor;
				CODE_SIGN_STYLE = Automatic;
				CURRENT_PROJECT_VERSION = 1;
				DEVELOPMENT_TEAM = "";
				GENERATE_INFOPLIST_FILE = YES;
				INFOPLIST_FILE = CrescendAI/Info.plist;
				INFOPLIST_KEY_CFBundleDisplayName = CrescendAI;
				INFOPLIST_KEY_UIApplicationSceneManifest_Generation = YES;
				INFOPLIST_KEY_UIApplicationSupportsIndirectInputEvents = YES;
				INFOPLIST_KEY_UILaunchScreen_Generation = YES;
				INFOPLIST_KEY_UISupportedInterfaceOrientations = UIInterfaceOrientationPortrait;
				INFOPLIST_KEY_UISupportedInterfaceOrientations_iPad = "UIInterfaceOrientationLandscapeLeft UIInterfaceOrientationLandscapeRight UIInterfaceOrientationPortrait UIInterfaceOrientationPortraitUpsideDown";
				LD_RUNPATH_SEARCH_PATHS = (
					"$(inherited)",
					"@executable_path/Frameworks",
				);
				MARKETING_VERSION = 0.1.0;
				PRODUCT_BUNDLE_IDENTIFIER = ai.crescend.CrescendAI;
				PRODUCT_NAME = "$(TARGET_NAME)";
				SUPPORTED_PLATFORMS = "iphoneos iphonesimulator";
				SUPPORTS_MACCATALYST = NO;
				SWIFT_EMIT_LOC_STRINGS = YES;
				SWIFT_STRICT_CONCURRENCY = complete;
				SWIFT_VERSION = 6.0;
				TARGETED_DEVICE_FAMILY = "1,2";
			};
			name = Release;
		};
		F400000002 /* Debug */ = {
			isa = XCBuildConfiguration;
			buildSettings = {
				BUNDLE_LOADER = "$(TEST_HOST)";
				CODE_SIGN_STYLE = Automatic;
				CURRENT_PROJECT_VERSION = 1;
				GENERATE_INFOPLIST_FILE = YES;
				IPHONEOS_DEPLOYMENT_TARGET = 17.0;
				MARKETING_VERSION = 0.1.0;
				PRODUCT_BUNDLE_IDENTIFIER = ai.crescend.CrescendAITests;
				PRODUCT_NAME = "$(TARGET_NAME)";
				SUPPORTED_PLATFORMS = "iphoneos iphonesimulator";
				SWIFT_EMIT_LOC_STRINGS = NO;
				SWIFT_STRICT_CONCURRENCY = complete;
				SWIFT_VERSION = 6.0;
				TARGETED_DEVICE_FAMILY = "1,2";
				TEST_HOST = "$(BUILT_PRODUCTS_DIR)/CrescendAI.app/$(BUNDLE_EXECUTABLE_FOLDER_PATH)/CrescendAI";
			};
			name = Debug;
		};
		F400000003 /* Release */ = {
			isa = XCBuildConfiguration;
			buildSettings = {
				BUNDLE_LOADER = "$(TEST_HOST)";
				CODE_SIGN_STYLE = Automatic;
				CURRENT_PROJECT_VERSION = 1;
				GENERATE_INFOPLIST_FILE = YES;
				IPHONEOS_DEPLOYMENT_TARGET = 17.0;
				MARKETING_VERSION = 0.1.0;
				PRODUCT_BUNDLE_IDENTIFIER = ai.crescend.CrescendAITests;
				PRODUCT_NAME = "$(TARGET_NAME)";
				SUPPORTED_PLATFORMS = "iphoneos iphonesimulator";
				SWIFT_EMIT_LOC_STRINGS = NO;
				SWIFT_STRICT_CONCURRENCY = complete;
				SWIFT_VERSION = 6.0;
				TARGETED_DEVICE_FAMILY = "1,2";
				TEST_HOST = "$(BUILT_PRODUCTS_DIR)/CrescendAI.app/$(BUNDLE_EXECUTABLE_FOLDER_PATH)/CrescendAI";
			};
			name = Release;
		};
/* End XCBuildConfiguration section */

/* Begin XCConfigurationList section */
		F200000001 /* Build configuration list for PBXProject "CrescendAI" */ = {
			isa = XCConfigurationList;
			buildConfigurations = (
				F200000010 /* Debug */,
				F200000011 /* Release */,
			);
			defaultConfigurationIsVisible = 0;
			defaultConfigurationName = Release;
		};
		F200000003 /* Build configuration list for PBXNativeTarget "CrescendAI" */ = {
			isa = XCConfigurationList;
			buildConfigurations = (
				F200000012 /* Debug */,
				F200000013 /* Release */,
			);
			defaultConfigurationIsVisible = 0;
			defaultConfigurationName = Release;
		};
		F400000001 /* Build configuration list for PBXNativeTarget "CrescendAITests" */ = {
			isa = XCConfigurationList;
			buildConfigurations = (
				F400000002 /* Debug */,
				F400000003 /* Release */,
			);
			defaultConfigurationIsVisible = 0;
			defaultConfigurationName = Release;
		};
/* End XCConfigurationList section */

/* Begin XCRemoteSwiftPackageReference section */
		SR000000001 /* XCRemoteSwiftPackageReference "sentry-cocoa" */ = {
			isa = XCRemoteSwiftPackageReference;
			repositoryURL = "https://github.com/getsentry/sentry-cocoa.git";
			requirement = {
				kind = upToNextMajorVersion;
				minimumVersion = 8.0.0;
			};
		};
/* End XCRemoteSwiftPackageReference section */

/* Begin XCSwiftPackageProductDependency section */
		SP000000001 /* Sentry */ = {
			isa = XCSwiftPackageProductDependency;
			package = SR000000001 /* XCRemoteSwiftPackageReference "sentry-cocoa" */;
			productName = Sentry;
		};
/* End XCSwiftPackageProductDependency section */
	};
	rootObject = F100000010 /* Project object */;
}
